// !$*UTF8*$!
{
	archiveVersion = 1;
	classes = {
	};
	objectVersion = 50;
	objects = {

/* Begin PBXBuildFile section */
		ADA52ED3266E68DB00FD41C6 /* fast_colorthief_backend.cpp in Sources */ = {isa = PBXBuildFile; fileRef = ADA52ED1266E68DB00FD41C6 /* fast_colorthief_backend.cpp */; };
		ADA52ED7266E74D000FD41C6 /* UIImage+ColorThief.mm in Sources */ = {isa = PBXBuildFile; fileRef = ADA52ED6266E74D000FD41C6 /* UIImage+ColorThief.mm */; };
		ADEF5B6A2635AB5B00B27577 /* AppDelegate.m in Sources */ = {isa = PBXBuildFile; fileRef = ADEF5B692635AB5B00B27577 /* AppDelegate.m */; };
		ADEF5B702635AB5B00B27577 /* ViewController.mm in Sources */ = {isa = PBXBuildFile; fileRef = ADEF5B6F2635AB5B00B27577 /* ViewController.mm */; };
		ADEF5B732635AB5B00B27577 /* Main.storyboard in Resources */ = {isa = PBXBuildFile; fileRef = ADEF5B712635AB5B00B27577 /* Main.storyboard */; };
		ADEF5B752635AB5C00B27577 /* Assets.xcassets in Resources */ = {isa = PBXBuildFile; fileRef = ADEF5B742635AB5C00B27577 /* Assets.xcassets */; };
		ADEF5B782635AB5C00B27577 /* LaunchScreen.storyboard in Resources */ = {isa = PBXBuildFile; fileRef = ADEF5B762635AB5C00B27577 /* LaunchScreen.storyboard */; };
		ADEF5B7B2635AB5C00B27577 /* main.m in Sources */ = {isa = PBXBuildFile; fileRef = ADEF5B7A2635AB5C00B27577 /* main.m */; };
/* End PBXBuildFile section */

/* Begin PBXFileReference section */
		ADA52ED1266E68DB00FD41C6 /* fast_colorthief_backend.cpp */ = {isa = PBXFileReference; fileEncoding = 4; lastKnownFileType = sourcecode.cpp.cpp; path = fast_colorthief_backend.cpp; sourceTree = "<group>"; };
		ADA52ED2266E68DB00FD41C6 /* cmap.hpp */ = {isa = PBXFileReference; fileEncoding = 4; lastKnownFileType = sourcecode.cpp.h; path = cmap.hpp; sourceTree = "<group>"; };
		ADA52ED5266E74D000FD41C6 /* UIImage+ColorThief.h */ = {isa = PBXFileReference; lastKnownFileType = sourcecode.c.h; path = "UIImage+ColorThief.h"; sourceTree = "<group>"; };
		ADA52ED6266E74D000FD41C6 /* UIImage+ColorThief.mm */ = {isa = PBXFileReference; lastKnownFileType = sourcecode.cpp.objcpp; path = "UIImage+ColorThief.mm"; sourceTree = "<group>"; };
		ADEF5B652635AB5B00B27577 /* ColorQuant.app */ = {isa = PBXFileReference; explicitFileType = wrapper.application; includeInIndex = 0; path = ColorQuant.app; sourceTree = BUILT_PRODUCTS_DIR; };
		ADEF5B682635AB5B00B27577 /* AppDelegate.h */ = {isa = PBXFileReference; lastKnownFileType = sourcecode.c.h; path = AppDelegate.h; sourceTree = "<group>"; };
		ADEF5B692635AB5B00B27577 /* AppDelegate.m */ = {isa = PBXFileReference; lastKnownFileType = sourcecode.c.objc; path = AppDelegate.m; sourceTree = "<group>"; };
		ADEF5B6E2635AB5B00B27577 /* ViewController.h */ = {isa = PBXFileReference; lastKnownFileType = sourcecode.c.h; path = ViewController.h; sourceTree = "<group>"; };
		ADEF5B6F2635AB5B00B27577 /* ViewController.mm */ = {isa = PBXFileReference; lastKnownFileType = sourcecode.cpp.objcpp; path = ViewController.mm; sourceTree = "<group>"; };
		ADEF5B722635AB5B00B27577 /* Base */ = {isa = PBXFileReference; lastKnownFileType = file.storyboard; name = Base; path = Base.lproj/Main.storyboard; sourceTree = "<group>"; };
		ADEF5B742635AB5C00B27577 /* Assets.xcassets */ = {isa = PBXFileReference; lastKnownFileType = folder.assetcatalog; path = Assets.xcassets; sourceTree = "<group>"; };
		ADEF5B772635AB5C00B27577 /* Base */ = {isa = PBXFileReference; lastKnownFileType = file.storyboard; name = Base; path = Base.lproj/LaunchScreen.storyboard; sourceTree = "<group>"; };
		ADEF5B792635AB5C00B27577 /* Info.plist */ = {isa = PBXFileReference; lastKnownFileType = text.plist.xml; path = Info.plist; sourceTree = "<group>"; };
		ADEF5B7A2635AB5C00B27577 /* main.m */ = {isa = PBXFileReference; lastKnownFileType = sourcecode.c.objc; path = main.m; sourceTree = "<group>"; };
/* End PBXFileReference section */

/* Begin PBXFrameworksBuildPhase section */
		ADEF5B622635AB5B00B27577 /* Frameworks */ = {
			isa = PBXFrameworksBuildPhase;
			buildActionMask = 2147483647;
			files = (
			);
			runOnlyForDeploymentPostprocessing = 0;
		};
/* End PBXFrameworksBuildPhase section */

/* Begin PBXGroup section */
		4B5944A508E580124335C7E5 /* Pods */ = {
			isa = PBXGroup;
			children = (
			);
			path = Pods;
			sourceTree = "<group>";
		};
		ADEF5B5C2635AB5B00B27577 = {
			isa = PBXGroup;
			children = (
				ADEF5B672635AB5B00B27577 /* ColorQuant */,
				ADEF5B662635AB5B00B27577 /* Products */,
				4B5944A508E580124335C7E5 /* Pods */,
			);
			sourceTree = "<group>";
		};
		ADEF5B662635AB5B00B27577 /* Products */ = {
			isa = PBXGroup;
			children = (
				ADEF5B652635AB5B00B27577 /* ColorQuant.app */,
			);
			name = Products;
			sourceTree = "<group>";
		};
		ADEF5B672635AB5B00B27577 /* ColorQuant */ = {
			isa = PBXGroup;
			children = (
				ADEF5B682635AB5B00B27577 /* AppDelegate.h */,
				ADEF5B692635AB5B00B27577 /* AppDelegate.m */,
				ADEF5B6E2635AB5B00B27577 /* ViewController.h */,
				ADEF5B6F2635AB5B00B27577 /* ViewController.mm */,
				ADA52ED2266E68DB00FD41C6 /* cmap.hpp */,
				ADA52ED1266E68DB00FD41C6 /* fast_colorthief_backend.cpp */,
				ADA52ED5266E74D000FD41C6 /* UIImage+ColorThief.h */,
				ADA52ED6266E74D000FD41C6 /* UIImage+ColorThief.mm */,
				ADEF5B712635AB5B00B27577 /* Main.storyboard */,
				ADEF5B742635AB5C00B27577 /* Assets.xcassets */,
				ADEF5B762635AB5C00B27577 /* LaunchScreen.storyboard */,
				ADEF5B792635AB5C00B27577 /* Info.plist */,
				ADEF5B7A2635AB5C00B27577 /* main.m */,
			);
			path = ColorQuant;
			sourceTree = "<group>";
		};
/* End PBXGroup section */

/* Begin PBXNativeTarget section */
		ADEF5B642635AB5B00B27577 /* ColorQuant */ = {
			isa = PBXNativeTarget;
			buildConfigurationList = ADEF5B7E2635AB5C00B27577 /* Build configuration list for PBXNativeTarget "ColorQuant" */;
			buildPhases = (
				ADEF5B612635AB5B00B27577 /* Sources */,
				ADEF5B622635AB5B00B27577 /* Frameworks */,
				ADEF5B632635AB5B00B27577 /* Resources */,
			);
			buildRules = (
			);
			dependencies = (
			);
			name = ColorQuant;
			productName = ColorQuant;
			productReference = ADEF5B652635AB5B00B27577 /* ColorQuant.app */;
			productType = "com.apple.product-type.application";
		};
/* End PBXNativeTarget section */

/* Begin PBXProject section */
		ADEF5B5D2635AB5B00B27577 /* Project object */ = {
			isa = PBXProject;
			attributes = {
				LastUpgradeCheck = 1240;
				TargetAttributes = {
					ADEF5B642635AB5B00B27577 = {
						CreatedOnToolsVersion = 12.4;
						LastSwiftMigration = 1240;
					};
				};
			};
			buildConfigurationList = ADEF5B602635AB5B00B27577 /* Build configuration list for PBXProject "ColorQuant" */;
			compatibilityVersion = "Xcode 9.3";
			developmentRegion = en;
			hasScannedForEncodings = 0;
			knownRegions = (
				en,
				Base,
			);
			mainGroup = ADEF5B5C2635AB5B00B27577;
			productRefGroup = ADEF5B662635AB5B00B27577 /* Products */;
			projectDirPath = "";
			projectRoot = "";
			targets = (
				ADEF5B642635AB5B00B27577 /* ColorQuant */,
			);
		};
/* End PBXProject section */

/* Begin PBXResourcesBuildPhase section */
		ADEF5B632635AB5B00B27577 /* Resources */ = {
			isa = PBXResourcesBuildPhase;
			buildActionMask = 2147483647;
			files = (
				ADEF5B782635AB5C00B27577 /* LaunchScreen.storyboard in Resources */,
				ADEF5B752635AB5C00B27577 /* Assets.xcassets in Resources */,
				ADEF5B732635AB5B00B27577 /* Main.storyboard in Resources */,
			);
			runOnlyForDeploymentPostprocessing = 0;
		};
/* End PBXResourcesBuildPhase section */

/* Begin PBXSourcesBuildPhase section */
		ADEF5B612635AB5B00B27577 /* Sources */ = {
			isa = PBXSourcesBuildPhase;
			buildActionMask = 2147483647;
			files = (
				ADA52ED7266E74D000FD41C6 /* UIImage+ColorThief.mm in Sources */,
				ADEF5B702635AB5B00B27577 /* ViewController.mm in Sources */,
				ADEF5B6A2635AB5B00B27577 /* AppDelegate.m in Sources */,
				ADEF5B7B2635AB5C00B27577 /* main.m in Sources */,
				ADA52ED3266E68DB00FD41C6 /* fast_colorthief_backend.cpp in Sources */,
			);
			runOnlyForDeploymentPostprocessing = 0;
		};
/* End PBXSourcesBuildPhase section */

/* Begin PBXVariantGroup section */
		ADEF5B712635AB5B00B27577 /* Main.storyboard */ = {
			isa = PBXVariantGroup;
			children = (
				ADEF5B722635AB5B00B27577 /* Base */,
			);
			name = Main.storyboard;
			sourceTree = "<group>";
		};
		ADEF5B762635AB5C00B27577 /* LaunchScreen.storyboard */ = {
			isa = PBXVariantGroup;
			children = (
				ADEF5B772635AB5C00B27577 /* Base */,
			);
			name = LaunchScreen.storyboard;
			sourceTree = "<group>";
		};
/* End PBXVariantGroup section */

/* Begin XCBuildConfiguration section */
		ADEF5B7C2635AB5C00B27577 /* Debug */ = {
			isa = XCBuildConfiguration;
			buildSettings = {
				ALWAYS_SEARCH_USER_PATHS = NO;
				CLANG_ANALYZER_NONNULL = YES;
				CLANG_ANALYZER_NUMBER_OBJECT_CONVERSION = YES_AGGRESSIVE;
				CLANG_CXX_LANGUAGE_STANDARD = "gnu++17";
				CLANG_CXX_LIBRARY = "libc++";
				CLANG_ENABLE_MODULES = YES;
				CLANG_ENABLE_OBJC_ARC = YES;
				CLANG_ENABLE_OBJC_WEAK = YES;
				CLANG_WARN_BLOCK_CAPTURE_AUTORELEASING = YES;
				CLANG_WARN_BOOL_CONVERSION = YES;
				CLANG_WARN_COMMA = YES;
				CLANG_WARN_CONSTANT_CONVERSION = YES;
				CLANG_WARN_DEPRECATED_OBJC_IMPLEMENTATIONS = YES;
				CLANG_WARN_DIRECT_OBJC_ISA_USAGE = YES_ERROR;
				CLANG_WARN_DOCUMENTATION_COMMENTS = YES;
				CLANG_WARN_EMPTY_BODY = YES;
				CLANG_WARN_ENUM_CONVERSION = YES;
				CLANG_WARN_INFINITE_RECURSION = YES;
				CLANG_WARN_INT_CONVERSION = YES;
				CLANG_WARN_NON_LITERAL_NULL_CONVERSION = YES;
				CLANG_WARN_OBJC_IMPLICIT_RETAIN_SELF = YES;
				CLANG_WARN_OBJC_LITERAL_CONVERSION = YES;
				CLANG_WARN_OBJC_ROOT_CLASS = YES_ERROR;
				CLANG_WARN_QUOTED_INCLUDE_IN_FRAMEWORK_HEADER = YES;
				CLANG_WARN_RANGE_LOOP_ANALYSIS = YES;
				CLANG_WARN_STRICT_PROTOTYPES = YES;
				CLANG_WARN_SUSPICIOUS_MOVE = YES;
				CLANG_WARN_UNGUARDED_AVAILABILITY = YES_AGGRESSIVE;
				CLANG_WARN_UNREACHABLE_CODE = YES;
				CLANG_WARN__DUPLICATE_METHOD_MATCH = YES;
				COPY_PHASE_STRIP = NO;
				DEBUG_INFORMATION_FORMAT = dwarf;
				ENABLE_BITCODE = NO;
				ENABLE_STRICT_OBJC_MSGSEND = YES;
				ENABLE_TESTABILITY = YES;
				GCC_C_LANGUAGE_STANDARD = gnu11;
				GCC_DYNAMIC_NO_PIC = NO;
				GCC_NO_COMMON_BLOCKS = YES;
				GCC_OPTIMIZATION_LEVEL = 0;
				GCC_PREPROCESSOR_DEFINITIONS = (
					"DEBUG=1",
					"$(inherited)",
				);
				GCC_WARN_64_TO_32_BIT_CONVERSION = YES;
				GCC_WARN_ABOUT_RETURN_TYPE = YES_ERROR;
				GCC_WARN_UNDECLARED_SELECTOR = YES;
				GCC_WARN_UNINITIALIZED_AUTOS = YES_AGGRESSIVE;
				GCC_WARN_UNUSED_FUNCTION = YES;
				GCC_WARN_UNUSED_VARIABLE = YES;
				IPHONEOS_DEPLOYMENT_TARGET = 9.0;
				MTL_ENABLE_DEBUG_INFO = INCLUDE_SOURCE;
				MTL_FAST_MATH = YES;
				ONLY_ACTIVE_ARCH = YES;
				SDKROOT = iphoneos;
			};
			name = Debug;
		};
		ADEF5B7D2635AB5C00B27577 /* Release */ = {
			isa = XCBuildConfiguration;
			buildSettings = {
				ALWAYS_SEARCH_USER_PATHS = NO;
				CLANG_ANALYZER_NONNULL = YES;
				CLANG_ANALYZER_NUMBER_OBJECT_CONVERSION = YES_AGGRESSIVE;
				CLANG_CXX_LANGUAGE_STANDARD = "gnu++17";
				CLANG_CXX_LIBRARY = "libc++";
				CLANG_ENABLE_MODULES = YES;
				CLANG_ENABLE_OBJC_ARC = YES;
				CLANG_ENABLE_OBJC_WEAK = YES;
				CLANG_WARN_BLOCK_CAPTURE_AUTORELEASING = YES;
				CLANG_WARN_BOOL_CONVERSION = YES;
				CLANG_WARN_COMMA = YES;
				CLANG_WARN_CONSTANT_CONVERSION = YES;
				CLANG_WARN_DEPRECATED_OBJC_IMPLEMENTATIONS = YES;
				CLANG_WARN_DIRECT_OBJC_ISA_USAGE = YES_ERROR;
				CLANG_WARN_DOCUMENTATION_COMMENTS = YES;
				CLANG_WARN_EMPTY_BODY = YES;
				CLANG_WARN_ENUM_CONVERSION = YES;
				CLANG_WARN_INFINITE_RECURSION = YES;
				CLANG_WARN_INT_CONVERSION = YES;
				CLANG_WARN_NON_LITERAL_NULL_CONVERSION = YES;
				CLANG_WARN_OBJC_IMPLICIT_RETAIN_SELF = YES;
				CLANG_WARN_OBJC_LITERAL_CONVERSION = YES;
				CLANG_WARN_OBJC_ROOT_CLASS = YES_ERROR;
				CLANG_WARN_QUOTED_INCLUDE_IN_FRAMEWORK_HEADER = YES;
				CLANG_WARN_RANGE_LOOP_ANALYSIS = YES;
				CLANG_WARN_STRICT_PROTOTYPES = YES;
				CLANG_WARN_SUSPICIOUS_MOVE = YES;
				CLANG_WARN_UNGUARDED_AVAILABILITY = YES_AGGRESSIVE;
				CLANG_WARN_UNREACHABLE_CODE = YES;
				CLANG_WARN__DUPLICATE_METHOD_MATCH = YES;
				COPY_PHASE_STRIP = NO;
				DEBUG_INFORMATION_FORMAT = "dwarf-with-dsym";
				ENABLE_BITCODE = NO;
				ENABLE_NS_ASSERTIONS = NO;
				ENABLE_STRICT_OBJC_MSGSEND = YES;
				GCC_C_LANGUAGE_STANDARD = gnu11;
				GCC_NO_COMMON_BLOCKS = YES;
				GCC_WARN_64_TO_32_BIT_CONVERSION = YES;
				GCC_WARN_ABOUT_RETURN_TYPE = YES_ERROR;
				GCC_WARN_UNDECLARED_SELECTOR = YES;
				GCC_WARN_UNINITIALIZED_AUTOS = YES_AGGRESSIVE;
				GCC_WARN_UNUSED_FUNCTION = YES;
				GCC_WARN_UNUSED_VARIABLE = YES;
				IPHONEOS_DEPLOYMENT_TARGET = 9.0;
				MTL_ENABLE_DEBUG_INFO = NO;
				MTL_FAST_MATH = YES;
				SDKROOT = iphoneos;
				VALIDATE_PRODUCT = YES;
			};
			name = Release;
		};
		ADEF5B7F2635AB5C00B27577 /* Debug */ = {
			isa = XCBuildConfiguration;
			buildSettings = {
				ASSETCATALOG_COMPILER_APPICON_NAME = AppIcon;
				ASSETCATALOG_COMPILER_GLOBAL_ACCENT_COLOR_NAME = AccentColor;
				CLANG_ENABLE_MODULES = YES;
				CODE_SIGN_STYLE = Automatic;
				DEVELOPMENT_TEAM = Y28X3YR8R9;
				INFOPLIST_FILE = ColorQuant/Info.plist;
				LD_RUNPATH_SEARCH_PATHS = (
					"$(inherited)",
					"@executable_path/Frameworks",
				);
				LIBRARY_SEARCH_PATHS = (
					"$(inherited)",
					"$(PROJECT_DIR)/ColorQuant",
				);
				PRODUCT_BUNDLE_IDENTIFIER = org.un.ColorQuant;
				PRODUCT_NAME = "$(TARGET_NAME)";
				SWIFT_OPTIMIZATION_LEVEL = "-Onone";
				SWIFT_VERSION = 5.0;
				TARGETED_DEVICE_FAMILY = "1,2";
			};
			name = Debug;
		};
		ADEF5B802635AB5C00B27577 /* Release */ = {
			isa = XCBuildConfiguration;
			buildSettings = {
				ASSETCATALOG_COMPILER_APPICON_NAME = AppIcon;
				ASSETCATALOG_COMPILER_GLOBAL_ACCENT_COLOR_NAME = AccentColor;
				CLANG_ENABLE_MODULES = YES;
				CODE_SIGN_STYLE = Automatic;
				DEVELOPMENT_TEAM = Y28X3YR8R9;
				INFOPLIST_FILE = ColorQuant/Info.plist;
				LD_RUNPATH_SEARCH_PATHS = (
					"$(inherited)",
					"@executable_path/Frameworks",
				);
				LIBRARY_SEARCH_PATHS = (
					"$(inherited)",
					"$(PROJECT_DIR)/ColorQuant",
				);
				PRODUCT_BUNDLE_IDENTIFIER = org.un.ColorQuant;
				PRODUCT_NAME = "$(TARGET_NAME)";
				SWIFT_VERSION = 5.0;
				TARGETED_DEVICE_FAMILY = "1,2";
			};
			name = Release;
		};
/* End XCBuildConfiguration section */

/* Begin XCConfigurationList section */
		ADEF5B602635AB5B00B27577 /* Build configuration list for PBXProject "ColorQuant" */ = {
			isa = XCConfigurationList;
			buildConfigurations = (
				ADEF5B7C2635AB5C00B27577 /* Debug */,
				ADEF5B7D2635AB5C00B27577 /* Release */,
			);
			defaultConfigurationIsVisible = 0;
			defaultConfigurationName = Release;
		};
		ADEF5B7E2635AB5C00B27577 /* Build configuration list for PBXNativeTarget "ColorQuant" */ = {
			isa = XCConfigurationList;
			buildConfigurations = (
				ADEF5B7F2635AB5C00B27577 /* Debug */,
				ADEF5B802635AB5C00B27577 /* Release */,
			);
			defaultConfigurationIsVisible = 0;
			defaultConfigurationName = Release;
		};
/* End XCConfigurationList section */
	};
	rootObject = ADEF5B5D2635AB5B00B27577 /* Project object */;
}
